
Microsoft Visual Studio Solution File, Format Version 12.00
# Visual Studio Version 16
VisualStudioVersion = 16.0.30128.74
MinimumVisualStudioVersion = 10.0.40219.1
Project("{9A19103F-16F7-4668-BE54-9A1E7A4F7556}") = "Coreflow.Activities.MComponents", "Coreflow.Activities.MComponents\Coreflow.Activities.MComponents.csproj", "{A1346276-B464-472A-A9FE-E45FEAF9C54B}"
EndProject
Project("{9A19103F-16F7-4668-BE54-9A1E7A4F7556}") = "Coreflow", "..\..\Coreflow\src\Coreflow\Coreflow.csproj", "{839BCB0B-85B3-4E4E-94F2-7674D5A472BA}"
EndProject
Global
	GlobalSection(SolutionConfigurationPlatforms) = preSolution
		Debug|Any CPU = Debug|Any CPU
		Release|Any CPU = Release|Any CPU
	EndGlobalSection
	GlobalSection(ProjectConfigurationPlatforms) = postSolution
		{A1346276-B464-472A-A9FE-E45FEAF9C54B}.Debug|Any CPU.ActiveCfg = Debug|Any CPU
		{A1346276-B464-472A-A9FE-E45FEAF9C54B}.Debug|Any CPU.Build.0 = Debug|Any CPU
		{A1346276-B464-472A-A9FE-E45FEAF9C54B}.Release|Any CPU.ActiveCfg = Release|Any CPU
		{A1346276-B464-472A-A9FE-E45FEAF9C54B}.Release|Any CPU.Build.0 = Release|Any CPU
		{839BCB0B-85B3-4E4E-94F2-7674D5A472BA}.Debug|Any CPU.ActiveCfg = Debug|Any CPU
		{839BCB0B-85B3-4E4E-94F2-7674D5A472BA}.Debug|Any CPU.Build.0 = Debug|Any CPU
		{839BCB0B-85B3-4E4E-94F2-7674D5A472BA}.Release|Any CPU.ActiveCfg = Release|Any CPU
		{839BCB0B-85B3-4E4E-94F2-7674D5A472BA}.Release|Any CPU.Build.0 = Release|Any CPU
	EndGlobalSection
	GlobalSection(SolutionProperties) = preSolution
		HideSolutionNode = FALSE
	EndGlobalSection
	GlobalSection(ExtensibilityGlobals) = postSolution
		SolutionGuid = {D0211E81-DCCF-44BA-B458-61C23DF5C2DD}
	EndGlobalSection
EndGlobal
